
Microsoft Visual Studio Solution File, Format Version 12.00
# Visual Studio 15
VisualStudioVersion = 15.0.26124.0
MinimumVisualStudioVersion = 15.0.26124.0
Project("{FAE04EC0-301F-11D3-BF4B-00C04F79EFBC}") = "src", "src\src.csproj", "{7B1D1B37-1D76-419A-B48C-B71F686DF6AC}"
EndProject
Project("{2150E333-8FDC-42A3-9474-1A3956D46DE8}") = "tests", "tests", "{32DE283D-CE14-48A1-895A-4CA650C6EF92}"
EndProject
Project("{FAE04EC0-301F-11D3-BF4B-00C04F79EFBC}") = "MyAzureFunctionTests", "tests\MyAzureFunctionTests\MyAzureFunctionTests.csproj", "{0865BDD0-B084-4FF7-811A-586213318C00}"
EndProject
Global
	GlobalSection(SolutionConfigurationPlatforms) = preSolution
		Debug|Any CPU = Debug|Any CPU
		Debug|x64 = Debug|x64
		Debug|x86 = Debug|x86
		Release|Any CPU = Release|Any CPU
		Release|x64 = Release|x64
		Release|x86 = Release|x86
	EndGlobalSection
	GlobalSection(SolutionProperties) = preSolution
		HideSolutionNode = FALSE
	EndGlobalSection
	GlobalSection(ProjectConfigurationPlatforms) = postSolution
		{7B1D1B37-1D76-419A-B48C-B71F686DF6AC}.Debug|Any CPU.ActiveCfg = Debug|Any CPU
		{7B1D1B37-1D76-419A-B48C-B71F686DF6AC}.Debug|Any CPU.Build.0 = Debug|Any CPU
		{7B1D1B37-1D76-419A-B48C-B71F686DF6AC}.Debug|x64.ActiveCfg = Debug|Any CPU
		{7B1D1B37-1D76-419A-B48C-B71F686DF6AC}.Debug|x64.Build.0 = Debug|Any CPU
		{7B1D1B37-1D76-419A-B48C-B71F686DF6AC}.Debug|x86.ActiveCfg = Debug|Any CPU
		{7B1D1B37-1D76-419A-B48C-B71F686DF6AC}.Debug|x86.Build.0 = Debug|Any CPU
		{7B1D1B37-1D76-419A-B48C-B71F686DF6AC}.Release|Any CPU.ActiveCfg = Release|Any CPU
		{7B1D1B37-1D76-419A-B48C-B71F686DF6AC}.Release|Any CPU.Build.0 = Release|Any CPU
		{7B1D1B37-1D76-419A-B48C-B71F686DF6AC}.Release|x64.ActiveCfg = Release|Any CPU
		{7B1D1B37-1D76-419A-B48C-B71F686DF6AC}.Release|x64.Build.0 = Release|Any CPU
		{7B1D1B37-1D76-419A-B48C-B71F686DF6AC}.Release|x86.ActiveCfg = Release|Any CPU
		{7B1D1B37-1D76-419A-B48C-B71F686DF6AC}.Release|x86.Build.0 = Release|Any CPU
		{0865BDD0-B084-4FF7-811A-586213318C00}.Debug|Any CPU.ActiveCfg = Debug|Any CPU
		{0865BDD0-B084-4FF7-811A-586213318C00}.Debug|Any CPU.Build.0 = Debug|Any CPU
		{0865BDD0-B084-4FF7-811A-586213318C00}.Debug|x64.ActiveCfg = Debug|Any CPU
		{0865BDD0-B084-4FF7-811A-586213318C00}.Debug|x64.Build.0 = Debug|Any CPU
		{0865BDD0-B084-4FF7-811A-586213318C00}.Debug|x86.ActiveCfg = Debug|Any CPU
		{0865BDD0-B084-4FF7-811A-586213318C00}.Debug|x86.Build.0 = Debug|Any CPU
		{0865BDD0-B084-4FF7-811A-586213318C00}.Release|Any CPU.ActiveCfg = Release|Any CPU
		{0865BDD0-B084-4FF7-811A-586213318C00}.Release|Any CPU.Build.0 = Release|Any CPU
		{0865BDD0-B084-4FF7-811A-586213318C00}.Release|x64.ActiveCfg = Release|Any CPU
		{0865BDD0-B084-4FF7-811A-586213318C00}.Release|x64.Build.0 = Release|Any CPU
		{0865BDD0-B084-4FF7-811A-586213318C00}.Release|x86.ActiveCfg = Release|Any CPU
		{0865BDD0-B084-4FF7-811A-586213318C00}.Release|x86.Build.0 = Release|Any CPU
	EndGlobalSection
	GlobalSection(NestedProjects) = preSolution
		{0865BDD0-B084-4FF7-811A-586213318C00} = {32DE283D-CE14-48A1-895A-4CA650C6EF92}
	EndGlobalSection
EndGlobal
