
Microsoft Visual Studio Solution File, Format Version 12.00
# Visual Studio 15
VisualStudioVersion = 15.0.26124.0
MinimumVisualStudioVersion = 15.0.26124.0
Project("{2150E333-8FDC-42A3-9474-1A3956D46DE8}") = "src", "src", "{9E5C97FF-1D71-4332-B383-2E2810D9FBE8}"
EndProject
Project("{FAE04EC0-301F-11D3-BF4B-00C04F79EFBC}") = "src", "src\functions\src.csproj", "{7E06F5F3-536D-459C-8321-2AD503886526}"
EndProject
Project("{2150E333-8FDC-42A3-9474-1A3956D46DE8}") = "tests", "tests", "{AB5C0FF0-953B-4054-99BF-2DBBA58563D5}"
EndProject
Project("{FAE04EC0-301F-11D3-BF4B-00C04F79EFBC}") = "MyAzureFunctionTests", "tests\MyAzureFunctionTests\MyAzureFunctionTests.csproj", "{DDA486DC-4E24-4C0D-A99E-AF4643B47CFB}"
EndProject
Global
	GlobalSection(SolutionConfigurationPlatforms) = preSolution
		Debug|Any CPU = Debug|Any CPU
		Debug|x64 = Debug|x64
		Debug|x86 = Debug|x86
		Release|Any CPU = Release|Any CPU
		Release|x64 = Release|x64
		Release|x86 = Release|x86
	EndGlobalSection
	GlobalSection(SolutionProperties) = preSolution
		HideSolutionNode = FALSE
	EndGlobalSection
	GlobalSection(ProjectConfigurationPlatforms) = postSolution
		{7E06F5F3-536D-459C-8321-2AD503886526}.Debug|Any CPU.ActiveCfg = Debug|Any CPU
		{7E06F5F3-536D-459C-8321-2AD503886526}.Debug|Any CPU.Build.0 = Debug|Any CPU
		{7E06F5F3-536D-459C-8321-2AD503886526}.Debug|x64.ActiveCfg = Debug|Any CPU
		{7E06F5F3-536D-459C-8321-2AD503886526}.Debug|x64.Build.0 = Debug|Any CPU
		{7E06F5F3-536D-459C-8321-2AD503886526}.Debug|x86.ActiveCfg = Debug|Any CPU
		{7E06F5F3-536D-459C-8321-2AD503886526}.Debug|x86.Build.0 = Debug|Any CPU
		{7E06F5F3-536D-459C-8321-2AD503886526}.Release|Any CPU.ActiveCfg = Release|Any CPU
		{7E06F5F3-536D-459C-8321-2AD503886526}.Release|Any CPU.Build.0 = Release|Any CPU
		{7E06F5F3-536D-459C-8321-2AD503886526}.Release|x64.ActiveCfg = Release|Any CPU
		{7E06F5F3-536D-459C-8321-2AD503886526}.Release|x64.Build.0 = Release|Any CPU
		{7E06F5F3-536D-459C-8321-2AD503886526}.Release|x86.ActiveCfg = Release|Any CPU
		{7E06F5F3-536D-459C-8321-2AD503886526}.Release|x86.Build.0 = Release|Any CPU
		{DDA486DC-4E24-4C0D-A99E-AF4643B47CFB}.Debug|Any CPU.ActiveCfg = Debug|Any CPU
		{DDA486DC-4E24-4C0D-A99E-AF4643B47CFB}.Debug|Any CPU.Build.0 = Debug|Any CPU
		{DDA486DC-4E24-4C0D-A99E-AF4643B47CFB}.Debug|x64.ActiveCfg = Debug|Any CPU
		{DDA486DC-4E24-4C0D-A99E-AF4643B47CFB}.Debug|x64.Build.0 = Debug|Any CPU
		{DDA486DC-4E24-4C0D-A99E-AF4643B47CFB}.Debug|x86.ActiveCfg = Debug|Any CPU
		{DDA486DC-4E24-4C0D-A99E-AF4643B47CFB}.Debug|x86.Build.0 = Debug|Any CPU
		{DDA486DC-4E24-4C0D-A99E-AF4643B47CFB}.Release|Any CPU.ActiveCfg = Release|Any CPU
		{DDA486DC-4E24-4C0D-A99E-AF4643B47CFB}.Release|Any CPU.Build.0 = Release|Any CPU
		{DDA486DC-4E24-4C0D-A99E-AF4643B47CFB}.Release|x64.ActiveCfg = Release|Any CPU
		{DDA486DC-4E24-4C0D-A99E-AF4643B47CFB}.Release|x64.Build.0 = Release|Any CPU
		{DDA486DC-4E24-4C0D-A99E-AF4643B47CFB}.Release|x86.ActiveCfg = Release|Any CPU
		{DDA486DC-4E24-4C0D-A99E-AF4643B47CFB}.Release|x86.Build.0 = Release|Any CPU
	EndGlobalSection
	GlobalSection(NestedProjects) = preSolution
		{7E06F5F3-536D-459C-8321-2AD503886526} = {9E5C97FF-1D71-4332-B383-2E2810D9FBE8}
		{DDA486DC-4E24-4C0D-A99E-AF4643B47CFB} = {AB5C0FF0-953B-4054-99BF-2DBBA58563D5}
	EndGlobalSection
EndGlobal
